
Microsoft Visual Studio Solution File, Format Version 12.00
# Visual Studio Version 17
VisualStudioVersion = 17.0.31808.319
MinimumVisualStudioVersion = 10.0.40219.1
Project("{FAE04EC0-301F-11D3-BF4B-00C04F79EFBC}") = "druzhokbot", "druzhokbot\druzhokbot.csproj", "{1D03D39A-5CF5-4B67-961D-8B372365DC7E}"
EndProject
Project("{FAE04EC0-301F-11D3-BF4B-00C04F79EFBC}") = "Tests", "Tests\Tests.csproj", "{117F0B9B-6228-4EBF-A351-64AE5AD36BF7}"
EndProject
Project("{E53339B2-1760-4266-BCC7-CA923CBCF16C}") = "docker-compose", "docker-compose.dcproj", "{73C52B8E-37EB-42CA-9937-ED68C3FFB4BB}"
EndProject
Global
	GlobalSection(SolutionConfigurationPlatforms) = preSolution
		Debug|Any CPU = Debug|Any CPU
		Release|Any CPU = Release|Any CPU
	EndGlobalSection
	GlobalSection(ProjectConfigurationPlatforms) = postSolution
		{1D03D39A-5CF5-4B67-961D-8B372365DC7E}.Debug|Any CPU.ActiveCfg = Debug|Any CPU
		{1D03D39A-5CF5-4B67-961D-8B372365DC7E}.Debug|Any CPU.Build.0 = Debug|Any CPU
		{1D03D39A-5CF5-4B67-961D-8B372365DC7E}.Release|Any CPU.ActiveCfg = Release|Any CPU
		{1D03D39A-5CF5-4B67-961D-8B372365DC7E}.Release|Any CPU.Build.0 = Release|Any CPU
		{117F0B9B-6228-4EBF-A351-64AE5AD36BF7}.Debug|Any CPU.ActiveCfg = Debug|Any CPU
		{117F0B9B-6228-4EBF-A351-64AE5AD36BF7}.Debug|Any CPU.Build.0 = Debug|Any CPU
		{117F0B9B-6228-4EBF-A351-64AE5AD36BF7}.Release|Any CPU.ActiveCfg = Release|Any CPU
		{117F0B9B-6228-4EBF-A351-64AE5AD36BF7}.Release|Any CPU.Build.0 = Release|Any CPU
		{73C52B8E-37EB-42CA-9937-ED68C3FFB4BB}.Debug|Any CPU.ActiveCfg = Debug|Any CPU
		{73C52B8E-37EB-42CA-9937-ED68C3FFB4BB}.Debug|Any CPU.Build.0 = Debug|Any CPU
		{73C52B8E-37EB-42CA-9937-ED68C3FFB4BB}.Release|Any CPU.ActiveCfg = Release|Any CPU
		{73C52B8E-37EB-42CA-9937-ED68C3FFB4BB}.Release|Any CPU.Build.0 = Release|Any CPU
	EndGlobalSection
	GlobalSection(SolutionProperties) = preSolution
		HideSolutionNode = FALSE
	EndGlobalSection
	GlobalSection(ExtensibilityGlobals) = postSolution
		SolutionGuid = {B8619CE8-29BB-4AA5-9713-28E271AABC46}
	EndGlobalSection
EndGlobal
